// !$*UTF8*$!
{
	archiveVersion = 1;
	classes = {
	};
	objectVersion = 70;
	objects = {

/* Begin PBXBuildFile section */
		353B63792D5A7ADB0027774A /* Client.swift in Sources */ = {isa = PBXBuildFile; fileRef = 353B63782D5A7ADB0027774A /* Client.swift */; };
		353B638F2D5A85EF0027774A /* WorkoutDetails.swift in Sources */ = {isa = PBXBuildFile; fileRef = 353B638E2D5A85EF0027774A /* WorkoutDetails.swift */; };
		353B63932D5A88CF0027774A /* SetDetail.swift in Sources */ = {isa = PBXBuildFile; fileRef = 353B63922D5A88CF0027774A /* SetDetail.swift */; };
		353B63B12D5ABEA30027774A /* ExercisesModal.swift in Sources */ = {isa = PBXBuildFile; fileRef = 353B63B02D5ABEA30027774A /* ExercisesModal.swift */; };
		353B63EF2D5B2BB60027774A /* WorkoutStore.swift in Sources */ = {isa = PBXBuildFile; fileRef = 353B63EE2D5B2BB60027774A /* WorkoutStore.swift */; };
		353B63F12D60D5700027774A /* addExerciseToWorkout.graphql in Resources */ = {isa = PBXBuildFile; fileRef = 353B63F02D60D5600027774A /* addExerciseToWorkout.graphql */; };
		356D94D22D596F2000F3D0C6 /* TreadApp.swift in Sources */ = {isa = PBXBuildFile; fileRef = 356D94D12D596F2000F3D0C6 /* TreadApp.swift */; };
		356D94D62D596F2100F3D0C6 /* Assets.xcassets in Resources */ = {isa = PBXBuildFile; fileRef = 356D94D52D596F2100F3D0C6 /* Assets.xcassets */; };
		356D94DA2D596F2100F3D0C6 /* Preview Assets.xcassets in Resources */ = {isa = PBXBuildFile; fileRef = 356D94D92D596F2100F3D0C6 /* Preview Assets.xcassets */; };
		356D94E42D596F2100F3D0C6 /* TreadTests.swift in Sources */ = {isa = PBXBuildFile; fileRef = 356D94E32D596F2100F3D0C6 /* TreadTests.swift */; };
		356D94EE2D596F2100F3D0C6 /* TreadUITests.swift in Sources */ = {isa = PBXBuildFile; fileRef = 356D94ED2D596F2100F3D0C6 /* TreadUITests.swift */; };
		356D94F02D596F2100F3D0C6 /* TreadUITestsLaunchTests.swift in Sources */ = {isa = PBXBuildFile; fileRef = 356D94EF2D596F2100F3D0C6 /* TreadUITestsLaunchTests.swift */; };
		356D94FD2D59715800F3D0C6 /* OTPView.swift in Sources */ = {isa = PBXBuildFile; fileRef = 356D94FC2D59715800F3D0C6 /* OTPView.swift */; };
		356D94FF2D59724100F3D0C6 /* Login.swift in Sources */ = {isa = PBXBuildFile; fileRef = 356D94FE2D59724100F3D0C6 /* Login.swift */; };
		356D95012D5972D700F3D0C6 /* WorkoutsView.swift in Sources */ = {isa = PBXBuildFile; fileRef = 356D95002D5972D700F3D0C6 /* WorkoutsView.swift */; };
		356D95052D5973B300F3D0C6 /* WorkoutViewModel.swift in Sources */ = {isa = PBXBuildFile; fileRef = 356D95042D5973B300F3D0C6 /* WorkoutViewModel.swift */; };
		356D950F2D59782D00F3D0C6 /* Apollo in Frameworks */ = {isa = PBXBuildFile; productRef = 356D950E2D59782D00F3D0C6 /* Apollo */; };
/* End PBXBuildFile section */

/* Begin PBXContainerItemProxy section */
		356D94E02D596F2100F3D0C6 /* PBXContainerItemProxy */ = {
			isa = PBXContainerItemProxy;
			containerPortal = 356D94C62D596F2000F3D0C6 /* Project object */;
			proxyType = 1;
			remoteGlobalIDString = 356D94CD2D596F2000F3D0C6;
			remoteInfo = Tread;
		};
		356D94EA2D596F2100F3D0C6 /* PBXContainerItemProxy */ = {
			isa = PBXContainerItemProxy;
			containerPortal = 356D94C62D596F2000F3D0C6 /* Project object */;
			proxyType = 1;
			remoteGlobalIDString = 356D94CD2D596F2000F3D0C6;
			remoteInfo = Tread;
		};
/* End PBXContainerItemProxy section */

/* Begin PBXFileReference section */
		353B63782D5A7ADB0027774A /* Client.swift */ = {isa = PBXFileReference; lastKnownFileType = sourcecode.swift; path = Client.swift; sourceTree = "<group>"; };
		353B638E2D5A85EF0027774A /* WorkoutDetails.swift */ = {isa = PBXFileReference; lastKnownFileType = sourcecode.swift; path = WorkoutDetails.swift; sourceTree = "<group>"; };
		353B63922D5A88CF0027774A /* SetDetail.swift */ = {isa = PBXFileReference; lastKnownFileType = sourcecode.swift; path = SetDetail.swift; sourceTree = "<group>"; };
		353B63B02D5ABEA30027774A /* ExercisesModal.swift */ = {isa = PBXFileReference; lastKnownFileType = sourcecode.swift; path = ExercisesModal.swift; sourceTree = "<group>"; };
		353B63EE2D5B2BB60027774A /* WorkoutStore.swift */ = {isa = PBXFileReference; lastKnownFileType = sourcecode.swift; path = WorkoutStore.swift; sourceTree = "<group>"; };
		353B63F02D60D5600027774A /* addExerciseToWorkout.graphql */ = {isa = PBXFileReference; lastKnownFileType = text; path = addExerciseToWorkout.graphql; sourceTree = "<group>"; };
		356D94CE2D596F2000F3D0C6 /* Tread.app */ = {isa = PBXFileReference; explicitFileType = wrapper.application; includeInIndex = 0; path = Tread.app; sourceTree = BUILT_PRODUCTS_DIR; };
		356D94D12D596F2000F3D0C6 /* TreadApp.swift */ = {isa = PBXFileReference; lastKnownFileType = sourcecode.swift; path = TreadApp.swift; sourceTree = "<group>"; };
		356D94D52D596F2100F3D0C6 /* Assets.xcassets */ = {isa = PBXFileReference; lastKnownFileType = folder.assetcatalog; path = Assets.xcassets; sourceTree = "<group>"; };
		356D94D72D596F2100F3D0C6 /* Tread.entitlements */ = {isa = PBXFileReference; lastKnownFileType = text.plist.entitlements; path = Tread.entitlements; sourceTree = "<group>"; };
		356D94D92D596F2100F3D0C6 /* Preview Assets.xcassets */ = {isa = PBXFileReference; lastKnownFileType = folder.assetcatalog; path = "Preview Assets.xcassets"; sourceTree = "<group>"; };
		356D94DF2D596F2100F3D0C6 /* TreadTests.xctest */ = {isa = PBXFileReference; explicitFileType = wrapper.cfbundle; includeInIndex = 0; path = TreadTests.xctest; sourceTree = BUILT_PRODUCTS_DIR; };
		356D94E32D596F2100F3D0C6 /* TreadTests.swift */ = {isa = PBXFileReference; lastKnownFileType = sourcecode.swift; path = TreadTests.swift; sourceTree = "<group>"; };
		356D94E92D596F2100F3D0C6 /* TreadUITests.xctest */ = {isa = PBXFileReference; explicitFileType = wrapper.cfbundle; includeInIndex = 0; path = TreadUITests.xctest; sourceTree = BUILT_PRODUCTS_DIR; };
		356D94ED2D596F2100F3D0C6 /* TreadUITests.swift */ = {isa = PBXFileReference; lastKnownFileType = sourcecode.swift; path = TreadUITests.swift; sourceTree = "<group>"; };
		356D94EF2D596F2100F3D0C6 /* TreadUITestsLaunchTests.swift */ = {isa = PBXFileReference; lastKnownFileType = sourcecode.swift; path = TreadUITestsLaunchTests.swift; sourceTree = "<group>"; };
		356D94FC2D59715800F3D0C6 /* OTPView.swift */ = {isa = PBXFileReference; lastKnownFileType = sourcecode.swift; path = OTPView.swift; sourceTree = "<group>"; };
		356D94FE2D59724100F3D0C6 /* Login.swift */ = {isa = PBXFileReference; lastKnownFileType = sourcecode.swift; path = Login.swift; sourceTree = "<group>"; };
		356D95002D5972D700F3D0C6 /* WorkoutsView.swift */ = {isa = PBXFileReference; lastKnownFileType = sourcecode.swift; path = WorkoutsView.swift; sourceTree = "<group>"; };
		356D95042D5973B300F3D0C6 /* WorkoutViewModel.swift */ = {isa = PBXFileReference; lastKnownFileType = sourcecode.swift; path = WorkoutViewModel.swift; sourceTree = "<group>"; };
/* End PBXFileReference section */

/* Begin PBXFileSystemSynchronizedRootGroup section */
		353B64282D60DD4F0027774A /* Operations */ = {isa = PBXFileSystemSynchronizedRootGroup; explicitFileTypes = {}; explicitFolders = (); path = Operations; sourceTree = "<group>"; };
		353B64352D60DD4F0027774A /* Schema */ = {isa = PBXFileSystemSynchronizedRootGroup; explicitFileTypes = {}; explicitFolders = (); path = Schema; sourceTree = "<group>"; };
		353B64732D60E4990027774A /* Tread */ = {isa = PBXFileSystemSynchronizedRootGroup; explicitFileTypes = {}; explicitFolders = (); path = Tread; sourceTree = "<group>"; };
/* End PBXFileSystemSynchronizedRootGroup section */

/* Begin PBXFrameworksBuildPhase section */
		356D94CB2D596F2000F3D0C6 /* Frameworks */ = {
			isa = PBXFrameworksBuildPhase;
			buildActionMask = 2147483647;
			files = (
				356D950F2D59782D00F3D0C6 /* Apollo in Frameworks */,
			);
			runOnlyForDeploymentPostprocessing = 0;
		};
		356D94DC2D596F2100F3D0C6 /* Frameworks */ = {
			isa = PBXFrameworksBuildPhase;
			buildActionMask = 2147483647;
			files = (
			);
			runOnlyForDeploymentPostprocessing = 0;
		};
		356D94E62D596F2100F3D0C6 /* Frameworks */ = {
			isa = PBXFrameworksBuildPhase;
			buildActionMask = 2147483647;
			files = (
			);
			runOnlyForDeploymentPostprocessing = 0;
		};
/* End PBXFrameworksBuildPhase section */

/* Begin PBXGroup section */
		356D94C52D596F2000F3D0C6 = {
			isa = PBXGroup;
			children = (
				353B64732D60E4990027774A /* Tread */,
				356D94D02D596F2000F3D0C6 /* Tread */,
				356D94E22D596F2100F3D0C6 /* TreadTests */,
				356D94EC2D596F2100F3D0C6 /* TreadUITests */,
				356D94CF2D596F2000F3D0C6 /* Products */,
			);
			sourceTree = "<group>";
		};
		356D94CF2D596F2000F3D0C6 /* Products */ = {
			isa = PBXGroup;
			children = (
				356D94CE2D596F2000F3D0C6 /* Tread.app */,
				356D94DF2D596F2100F3D0C6 /* TreadTests.xctest */,
				356D94E92D596F2100F3D0C6 /* TreadUITests.xctest */,
			);
			name = Products;
			sourceTree = "<group>";
		};
		356D94D02D596F2000F3D0C6 /* Tread */ = {
			isa = PBXGroup;
			children = (
				353B64352D60DD4F0027774A /* Schema */,
				353B64282D60DD4F0027774A /* Operations */,
				353B63F02D60D5600027774A /* addExerciseToWorkout.graphql */,
				353B63EE2D5B2BB60027774A /* WorkoutStore.swift */,
				353B63B02D5ABEA30027774A /* ExercisesModal.swift */,
				356D94D12D596F2000F3D0C6 /* TreadApp.swift */,
				356D95002D5972D700F3D0C6 /* WorkoutsView.swift */,
				356D94FE2D59724100F3D0C6 /* Login.swift */,
				356D94FC2D59715800F3D0C6 /* OTPView.swift */,
				356D94D52D596F2100F3D0C6 /* Assets.xcassets */,
				356D94D72D596F2100F3D0C6 /* Tread.entitlements */,
				356D94D82D596F2100F3D0C6 /* Preview Content */,
				356D95042D5973B300F3D0C6 /* WorkoutViewModel.swift */,
				353B63782D5A7ADB0027774A /* Client.swift */,
				353B638E2D5A85EF0027774A /* WorkoutDetails.swift */,
				353B63922D5A88CF0027774A /* SetDetail.swift */,
			);
			path = Tread;
			sourceTree = "<group>";
		};
		356D94D82D596F2100F3D0C6 /* Preview Content */ = {
			isa = PBXGroup;
			children = (
				356D94D92D596F2100F3D0C6 /* Preview Assets.xcassets */,
			);
			path = "Preview Content";
			sourceTree = "<group>";
		};
		356D94E22D596F2100F3D0C6 /* TreadTests */ = {
			isa = PBXGroup;
			children = (
				356D94E32D596F2100F3D0C6 /* TreadTests.swift */,
			);
			path = TreadTests;
			sourceTree = "<group>";
		};
		356D94EC2D596F2100F3D0C6 /* TreadUITests */ = {
			isa = PBXGroup;
			children = (
				356D94ED2D596F2100F3D0C6 /* TreadUITests.swift */,
				356D94EF2D596F2100F3D0C6 /* TreadUITestsLaunchTests.swift */,
			);
			path = TreadUITests;
			sourceTree = "<group>";
		};
/* End PBXGroup section */

/* Begin PBXNativeTarget section */
		356D94CD2D596F2000F3D0C6 /* Tread */ = {
			isa = PBXNativeTarget;
			buildConfigurationList = 356D94F32D596F2100F3D0C6 /* Build configuration list for PBXNativeTarget "Tread" */;
			buildPhases = (
				356D94CA2D596F2000F3D0C6 /* Sources */,
				356D94CB2D596F2000F3D0C6 /* Frameworks */,
				356D94CC2D596F2000F3D0C6 /* Resources */,
			);
			buildRules = (
			);
			dependencies = (
			);
			fileSystemSynchronizedGroups = (
				353B64282D60DD4F0027774A /* Operations */,
				353B64352D60DD4F0027774A /* Schema */,
				353B64732D60E4990027774A /* Tread */,
			);
			name = Tread;
			packageProductDependencies = (
				356D950E2D59782D00F3D0C6 /* Apollo */,
			);
			productName = Tread;
			productReference = 356D94CE2D596F2000F3D0C6 /* Tread.app */;
			productType = "com.apple.product-type.application";
		};
		356D94DE2D596F2100F3D0C6 /* TreadTests */ = {
			isa = PBXNativeTarget;
			buildConfigurationList = 356D94F62D596F2100F3D0C6 /* Build configuration list for PBXNativeTarget "TreadTests" */;
			buildPhases = (
				356D94DB2D596F2100F3D0C6 /* Sources */,
				356D94DC2D596F2100F3D0C6 /* Frameworks */,
				356D94DD2D596F2100F3D0C6 /* Resources */,
			);
			buildRules = (
			);
			dependencies = (
				356D94E12D596F2100F3D0C6 /* PBXTargetDependency */,
			);
			name = TreadTests;
			productName = TreadTests;
			productReference = 356D94DF2D596F2100F3D0C6 /* TreadTests.xctest */;
			productType = "com.apple.product-type.bundle.unit-test";
		};
		356D94E82D596F2100F3D0C6 /* TreadUITests */ = {
			isa = PBXNativeTarget;
			buildConfigurationList = 356D94F92D596F2100F3D0C6 /* Build configuration list for PBXNativeTarget "TreadUITests" */;
			buildPhases = (
				356D94E52D596F2100F3D0C6 /* Sources */,
				356D94E62D596F2100F3D0C6 /* Frameworks */,
				356D94E72D596F2100F3D0C6 /* Resources */,
			);
			buildRules = (
			);
			dependencies = (
				356D94EB2D596F2100F3D0C6 /* PBXTargetDependency */,
			);
			name = TreadUITests;
			productName = TreadUITests;
			productReference = 356D94E92D596F2100F3D0C6 /* TreadUITests.xctest */;
			productType = "com.apple.product-type.bundle.ui-testing";
		};
/* End PBXNativeTarget section */

/* Begin PBXProject section */
		356D94C62D596F2000F3D0C6 /* Project object */ = {
			isa = PBXProject;
			attributes = {
				BuildIndependentTargetsInParallel = 1;
				LastSwiftUpdateCheck = 1430;
				LastUpgradeCheck = 1430;
				TargetAttributes = {
					356D94CD2D596F2000F3D0C6 = {
						CreatedOnToolsVersion = 14.3;
					};
					356D94DE2D596F2100F3D0C6 = {
						CreatedOnToolsVersion = 14.3;
						TestTargetID = 356D94CD2D596F2000F3D0C6;
					};
					356D94E82D596F2100F3D0C6 = {
						CreatedOnToolsVersion = 14.3;
						TestTargetID = 356D94CD2D596F2000F3D0C6;
					};
				};
			};
			buildConfigurationList = 356D94C92D596F2000F3D0C6 /* Build configuration list for PBXProject "Tread" */;
			compatibilityVersion = "Xcode 14.0";
			developmentRegion = en;
			hasScannedForEncodings = 0;
			knownRegions = (
				en,
				Base,
			);
			mainGroup = 356D94C52D596F2000F3D0C6;
			packageReferences = (
				356D950D2D59782D00F3D0C6 /* XCRemoteSwiftPackageReference "apollo-ios" */,
			);
			productRefGroup = 356D94CF2D596F2000F3D0C6 /* Products */;
			projectDirPath = "";
			projectRoot = "";
			targets = (
				356D94CD2D596F2000F3D0C6 /* Tread */,
				356D94DE2D596F2100F3D0C6 /* TreadTests */,
				356D94E82D596F2100F3D0C6 /* TreadUITests */,
			);
		};
/* End PBXProject section */

/* Begin PBXResourcesBuildPhase section */
		356D94CC2D596F2000F3D0C6 /* Resources */ = {
			isa = PBXResourcesBuildPhase;
			buildActionMask = 2147483647;
			files = (
				356D94DA2D596F2100F3D0C6 /* Preview Assets.xcassets in Resources */,
				356D94D62D596F2100F3D0C6 /* Assets.xcassets in Resources */,
				353B63F12D60D5700027774A /* addExerciseToWorkout.graphql in Resources */,
			);
			runOnlyForDeploymentPostprocessing = 0;
		};
		356D94DD2D596F2100F3D0C6 /* Resources */ = {
			isa = PBXResourcesBuildPhase;
			buildActionMask = 2147483647;
			files = (
			);
			runOnlyForDeploymentPostprocessing = 0;
		};
		356D94E72D596F2100F3D0C6 /* Resources */ = {
			isa = PBXResourcesBuildPhase;
			buildActionMask = 2147483647;
			files = (
			);
			runOnlyForDeploymentPostprocessing = 0;
		};
/* End PBXResourcesBuildPhase section */

/* Begin PBXSourcesBuildPhase section */
		356D94CA2D596F2000F3D0C6 /* Sources */ = {
			isa = PBXSourcesBuildPhase;
			buildActionMask = 2147483647;
			files = (
				353B638F2D5A85EF0027774A /* WorkoutDetails.swift in Sources */,
				356D94D22D596F2000F3D0C6 /* TreadApp.swift in Sources */,
				356D94FD2D59715800F3D0C6 /* OTPView.swift in Sources */,
				353B63EF2D5B2BB60027774A /* WorkoutStore.swift in Sources */,
				353B63792D5A7ADB0027774A /* Client.swift in Sources */,
				353B63B12D5ABEA30027774A /* ExercisesModal.swift in Sources */,
				356D95012D5972D700F3D0C6 /* WorkoutsView.swift in Sources */,
				353B63932D5A88CF0027774A /* SetDetail.swift in Sources */,
				356D94FF2D59724100F3D0C6 /* Login.swift in Sources */,
				356D95052D5973B300F3D0C6 /* WorkoutViewModel.swift in Sources */,
			);
			runOnlyForDeploymentPostprocessing = 0;
		};
		356D94DB2D596F2100F3D0C6 /* Sources */ = {
			isa = PBXSourcesBuildPhase;
			buildActionMask = 2147483647;
			files = (
				356D94E42D596F2100F3D0C6 /* TreadTests.swift in Sources */,
			);
			runOnlyForDeploymentPostprocessing = 0;
		};
		356D94E52D596F2100F3D0C6 /* Sources */ = {
			isa = PBXSourcesBuildPhase;
			buildActionMask = 2147483647;
			files = (
				356D94EE2D596F2100F3D0C6 /* TreadUITests.swift in Sources */,
				356D94F02D596F2100F3D0C6 /* TreadUITestsLaunchTests.swift in Sources */,
			);
			runOnlyForDeploymentPostprocessing = 0;
		};
/* End PBXSourcesBuildPhase section */

/* Begin PBXTargetDependency section */
		356D94E12D596F2100F3D0C6 /* PBXTargetDependency */ = {
			isa = PBXTargetDependency;
			target = 356D94CD2D596F2000F3D0C6 /* Tread */;
			targetProxy = 356D94E02D596F2100F3D0C6 /* PBXContainerItemProxy */;
		};
		356D94EB2D596F2100F3D0C6 /* PBXTargetDependency */ = {
			isa = PBXTargetDependency;
			target = 356D94CD2D596F2000F3D0C6 /* Tread */;
			targetProxy = 356D94EA2D596F2100F3D0C6 /* PBXContainerItemProxy */;
		};
/* End PBXTargetDependency section */

/* Begin XCBuildConfiguration section */
		356D94F12D596F2100F3D0C6 /* Debug */ = {
			isa = XCBuildConfiguration;
			buildSettings = {
				ALWAYS_SEARCH_USER_PATHS = NO;
				CLANG_ANALYZER_NONNULL = YES;
				CLANG_ANALYZER_NUMBER_OBJECT_CONVERSION = YES_AGGRESSIVE;
				CLANG_CXX_LANGUAGE_STANDARD = "gnu++20";
				CLANG_ENABLE_MODULES = YES;
				CLANG_ENABLE_OBJC_ARC = YES;
				CLANG_ENABLE_OBJC_WEAK = YES;
				CLANG_WARN_BLOCK_CAPTURE_AUTORELEASING = YES;
				CLANG_WARN_BOOL_CONVERSION = YES;
				CLANG_WARN_COMMA = YES;
				CLANG_WARN_CONSTANT_CONVERSION = YES;
				CLANG_WARN_DEPRECATED_OBJC_IMPLEMENTATIONS = YES;
				CLANG_WARN_DIRECT_OBJC_ISA_USAGE = YES_ERROR;
				CLANG_WARN_DOCUMENTATION_COMMENTS = YES;
				CLANG_WARN_EMPTY_BODY = YES;
				CLANG_WARN_ENUM_CONVERSION = YES;
				CLANG_WARN_INFINITE_RECURSION = YES;
				CLANG_WARN_INT_CONVERSION = YES;
				CLANG_WARN_NON_LITERAL_NULL_CONVERSION = YES;
				CLANG_WARN_OBJC_IMPLICIT_RETAIN_SELF = YES;
				CLANG_WARN_OBJC_LITERAL_CONVERSION = YES;
				CLANG_WARN_OBJC_ROOT_CLASS = YES_ERROR;
				CLANG_WARN_QUOTED_INCLUDE_IN_FRAMEWORK_HEADER = YES;
				CLANG_WARN_RANGE_LOOP_ANALYSIS = YES;
				CLANG_WARN_STRICT_PROTOTYPES = YES;
				CLANG_WARN_SUSPICIOUS_MOVE = YES;
				CLANG_WARN_UNGUARDED_AVAILABILITY = YES_AGGRESSIVE;
				CLANG_WARN_UNREACHABLE_CODE = YES;
				CLANG_WARN__DUPLICATE_METHOD_MATCH = YES;
				COPY_PHASE_STRIP = NO;
				DEBUG_INFORMATION_FORMAT = dwarf;
				ENABLE_STRICT_OBJC_MSGSEND = YES;
				ENABLE_TESTABILITY = YES;
				GCC_C_LANGUAGE_STANDARD = gnu11;
				GCC_DYNAMIC_NO_PIC = NO;
				GCC_NO_COMMON_BLOCKS = YES;
				GCC_OPTIMIZATION_LEVEL = 0;
				GCC_PREPROCESSOR_DEFINITIONS = (
					"DEBUG=1",
					"$(inherited)",
				);
				GCC_WARN_64_TO_32_BIT_CONVERSION = YES;
				GCC_WARN_ABOUT_RETURN_TYPE = YES_ERROR;
				GCC_WARN_UNDECLARED_SELECTOR = YES;
				GCC_WARN_UNINITIALIZED_AUTOS = YES_AGGRESSIVE;
				GCC_WARN_UNUSED_FUNCTION = YES;
				GCC_WARN_UNUSED_VARIABLE = YES;
				MTL_ENABLE_DEBUG_INFO = INCLUDE_SOURCE;
				MTL_FAST_MATH = YES;
				ONLY_ACTIVE_ARCH = YES;
				SWIFT_ACTIVE_COMPILATION_CONDITIONS = DEBUG;
				SWIFT_OPTIMIZATION_LEVEL = "-Onone";
			};
			name = Debug;
		};
		356D94F22D596F2100F3D0C6 /* Release */ = {
			isa = XCBuildConfiguration;
			buildSettings = {
				ALWAYS_SEARCH_USER_PATHS = NO;
				CLANG_ANALYZER_NONNULL = YES;
				CLANG_ANALYZER_NUMBER_OBJECT_CONVERSION = YES_AGGRESSIVE;
				CLANG_CXX_LANGUAGE_STANDARD = "gnu++20";
				CLANG_ENABLE_MODULES = YES;
				CLANG_ENABLE_OBJC_ARC = YES;
				CLANG_ENABLE_OBJC_WEAK = YES;
				CLANG_WARN_BLOCK_CAPTURE_AUTORELEASING = YES;
				CLANG_WARN_BOOL_CONVERSION = YES;
				CLANG_WARN_COMMA = YES;
				CLANG_WARN_CONSTANT_CONVERSION = YES;
				CLANG_WARN_DEPRECATED_OBJC_IMPLEMENTATIONS = YES;
				CLANG_WARN_DIRECT_OBJC_ISA_USAGE = YES_ERROR;
				CLANG_WARN_DOCUMENTATION_COMMENTS = YES;
				CLANG_WARN_EMPTY_BODY = YES;
				CLANG_WARN_ENUM_CONVERSION = YES;
				CLANG_WARN_INFINITE_RECURSION = YES;
				CLANG_WARN_INT_CONVERSION = YES;
				CLANG_WARN_NON_LITERAL_NULL_CONVERSION = YES;
				CLANG_WARN_OBJC_IMPLICIT_RETAIN_SELF = YES;
				CLANG_WARN_OBJC_LITERAL_CONVERSION = YES;
				CLANG_WARN_OBJC_ROOT_CLASS = YES_ERROR;
				CLANG_WARN_QUOTED_INCLUDE_IN_FRAMEWORK_HEADER = YES;
				CLANG_WARN_RANGE_LOOP_ANALYSIS = YES;
				CLANG_WARN_STRICT_PROTOTYPES = YES;
				CLANG_WARN_SUSPICIOUS_MOVE = YES;
				CLANG_WARN_UNGUARDED_AVAILABILITY = YES_AGGRESSIVE;
				CLANG_WARN_UNREACHABLE_CODE = YES;
				CLANG_WARN__DUPLICATE_METHOD_MATCH = YES;
				COPY_PHASE_STRIP = NO;
				DEBUG_INFORMATION_FORMAT = "dwarf-with-dsym";
				ENABLE_NS_ASSERTIONS = NO;
				ENABLE_STRICT_OBJC_MSGSEND = YES;
				GCC_C_LANGUAGE_STANDARD = gnu11;
				GCC_NO_COMMON_BLOCKS = YES;
				GCC_WARN_64_TO_32_BIT_CONVERSION = YES;
				GCC_WARN_ABOUT_RETURN_TYPE = YES_ERROR;
				GCC_WARN_UNDECLARED_SELECTOR = YES;
				GCC_WARN_UNINITIALIZED_AUTOS = YES_AGGRESSIVE;
				GCC_WARN_UNUSED_FUNCTION = YES;
				GCC_WARN_UNUSED_VARIABLE = YES;
				MTL_ENABLE_DEBUG_INFO = NO;
				MTL_FAST_MATH = YES;
				SWIFT_COMPILATION_MODE = wholemodule;
				SWIFT_OPTIMIZATION_LEVEL = "-O";
			};
			name = Release;
		};
		356D94F42D596F2100F3D0C6 /* Debug */ = {
			isa = XCBuildConfiguration;
			buildSettings = {
				ASSETCATALOG_COMPILER_APPICON_NAME = AppIcon;
				ASSETCATALOG_COMPILER_GLOBAL_ACCENT_COLOR_NAME = AccentColor;
				CODE_SIGN_ENTITLEMENTS = Tread/Tread.entitlements;
				CODE_SIGN_STYLE = Automatic;
				CURRENT_PROJECT_VERSION = 1;
				DEVELOPMENT_ASSET_PATHS = "\"Tread/Preview Content\"";
				DEVELOPMENT_TEAM = GKB62H77DC;
				ENABLE_HARDENED_RUNTIME = YES;
				ENABLE_PREVIEWS = YES;
				GENERATE_INFOPLIST_FILE = YES;
				"INFOPLIST_KEY_UIApplicationSceneManifest_Generation[sdk=iphoneos*]" = YES;
				"INFOPLIST_KEY_UIApplicationSceneManifest_Generation[sdk=iphonesimulator*]" = YES;
				"INFOPLIST_KEY_UIApplicationSupportsIndirectInputEvents[sdk=iphoneos*]" = YES;
				"INFOPLIST_KEY_UIApplicationSupportsIndirectInputEvents[sdk=iphonesimulator*]" = YES;
				"INFOPLIST_KEY_UILaunchScreen_Generation[sdk=iphoneos*]" = YES;
				"INFOPLIST_KEY_UILaunchScreen_Generation[sdk=iphonesimulator*]" = YES;
				"INFOPLIST_KEY_UIStatusBarStyle[sdk=iphoneos*]" = UIStatusBarStyleDefault;
				"INFOPLIST_KEY_UIStatusBarStyle[sdk=iphonesimulator*]" = UIStatusBarStyleDefault;
				INFOPLIST_KEY_UISupportedInterfaceOrientations_iPad = "UIInterfaceOrientationPortrait UIInterfaceOrientationPortraitUpsideDown UIInterfaceOrientationLandscapeLeft UIInterfaceOrientationLandscapeRight";
				INFOPLIST_KEY_UISupportedInterfaceOrientations_iPhone = "UIInterfaceOrientationPortrait UIInterfaceOrientationLandscapeLeft UIInterfaceOrientationLandscapeRight";
				IPHONEOS_DEPLOYMENT_TARGET = 16.4;
				LD_RUNPATH_SEARCH_PATHS = "@executable_path/Frameworks";
				"LD_RUNPATH_SEARCH_PATHS[sdk=macosx*]" = "@executable_path/../Frameworks";
				MACOSX_DEPLOYMENT_TARGET = 13.0;
				MARKETING_VERSION = 1.0;
				PRODUCT_BUNDLE_IDENTIFIER = com.fit.Tread;
				PRODUCT_NAME = "$(TARGET_NAME)";
				SDKROOT = auto;
				SUPPORTED_PLATFORMS = "iphoneos iphonesimulator macosx";
				SWIFT_EMIT_LOC_STRINGS = YES;
				SWIFT_VERSION = 5.0;
				TARGETED_DEVICE_FAMILY = "1,2";
			};
			name = Debug;
		};
		356D94F52D596F2100F3D0C6 /* Release */ = {
			isa = XCBuildConfiguration;
			buildSettings = {
				ASSETCATALOG_COMPILER_APPICON_NAME = AppIcon;
				ASSETCATALOG_COMPILER_GLOBAL_ACCENT_COLOR_NAME = AccentColor;
				CODE_SIGN_ENTITLEMENTS = Tread/Tread.entitlements;
				CODE_SIGN_STYLE = Automatic;
				CURRENT_PROJECT_VERSION = 1;
				DEVELOPMENT_ASSET_PATHS = "\"Tread/Preview Content\"";
				DEVELOPMENT_TEAM = GKB62H77DC;
				ENABLE_HARDENED_RUNTIME = YES;
				ENABLE_PREVIEWS = YES;
				GENERATE_INFOPLIST_FILE = YES;
				"INFOPLIST_KEY_UIApplicationSceneManifest_Generation[sdk=iphoneos*]" = YES;
				"INFOPLIST_KEY_UIApplicationSceneManifest_Generation[sdk=iphonesimulator*]" = YES;
				"INFOPLIST_KEY_UIApplicationSupportsIndirectInputEvents[sdk=iphoneos*]" = YES;
				"INFOPLIST_KEY_UIApplicationSupportsIndirectInputEvents[sdk=iphonesimulator*]" = YES;
				"INFOPLIST_KEY_UILaunchScreen_Generation[sdk=iphoneos*]" = YES;
				"INFOPLIST_KEY_UILaunchScreen_Generation[sdk=iphonesimulator*]" = YES;
				"INFOPLIST_KEY_UIStatusBarStyle[sdk=iphoneos*]" = UIStatusBarStyleDefault;
				"INFOPLIST_KEY_UIStatusBarStyle[sdk=iphonesimulator*]" = UIStatusBarStyleDefault;
				INFOPLIST_KEY_UISupportedInterfaceOrientations_iPad = "UIInterfaceOrientationPortrait UIInterfaceOrientationPortraitUpsideDown UIInterfaceOrientationLandscapeLeft UIInterfaceOrientationLandscapeRight";
				INFOPLIST_KEY_UISupportedInterfaceOrientations_iPhone = "UIInterfaceOrientationPortrait UIInterfaceOrientationLandscapeLeft UIInterfaceOrientationLandscapeRight";
				IPHONEOS_DEPLOYMENT_TARGET = 16.4;
				LD_RUNPATH_SEARCH_PATHS = "@executable_path/Frameworks";
				"LD_RUNPATH_SEARCH_PATHS[sdk=macosx*]" = "@executable_path/../Frameworks";
				MACOSX_DEPLOYMENT_TARGET = 13.0;
				MARKETING_VERSION = 1.0;
				PRODUCT_BUNDLE_IDENTIFIER = com.fit.Tread;
				PRODUCT_NAME = "$(TARGET_NAME)";
				SDKROOT = auto;
				SUPPORTED_PLATFORMS = "iphoneos iphonesimulator macosx";
				SWIFT_EMIT_LOC_STRINGS = YES;
				SWIFT_VERSION = 5.0;
				TARGETED_DEVICE_FAMILY = "1,2";
			};
			name = Release;
		};
		356D94F72D596F2100F3D0C6 /* Debug */ = {
			isa = XCBuildConfiguration;
			buildSettings = {
				ALWAYS_EMBED_SWIFT_STANDARD_LIBRARIES = YES;
				BUNDLE_LOADER = "$(TEST_HOST)";
				CODE_SIGN_STYLE = Automatic;
				CURRENT_PROJECT_VERSION = 1;
				DEVELOPMENT_TEAM = GKB62H77DC;
				GENERATE_INFOPLIST_FILE = YES;
				IPHONEOS_DEPLOYMENT_TARGET = 16.4;
				MACOSX_DEPLOYMENT_TARGET = 13.0;
				MARKETING_VERSION = 1.0;
				PRODUCT_BUNDLE_IDENTIFIER = com.fit.TreadTests;
				PRODUCT_NAME = "$(TARGET_NAME)";
				SDKROOT = auto;
				SUPPORTED_PLATFORMS = "iphoneos iphonesimulator macosx";
				SWIFT_EMIT_LOC_STRINGS = NO;
				SWIFT_VERSION = 5.0;
				TARGETED_DEVICE_FAMILY = "1,2";
				TEST_HOST = "$(BUILT_PRODUCTS_DIR)/Tread.app/$(BUNDLE_EXECUTABLE_FOLDER_PATH)/Tread";
			};
			name = Debug;
		};
		356D94F82D596F2100F3D0C6 /* Release */ = {
			isa = XCBuildConfiguration;
			buildSettings = {
				ALWAYS_EMBED_SWIFT_STANDARD_LIBRARIES = YES;
				BUNDLE_LOADER = "$(TEST_HOST)";
				CODE_SIGN_STYLE = Automatic;
				CURRENT_PROJECT_VERSION = 1;
				DEVELOPMENT_TEAM = GKB62H77DC;
				GENERATE_INFOPLIST_FILE = YES;
				IPHONEOS_DEPLOYMENT_TARGET = 16.4;
				MACOSX_DEPLOYMENT_TARGET = 13.0;
				MARKETING_VERSION = 1.0;
				PRODUCT_BUNDLE_IDENTIFIER = com.fit.TreadTests;
				PRODUCT_NAME = "$(TARGET_NAME)";
				SDKROOT = auto;
				SUPPORTED_PLATFORMS = "iphoneos iphonesimulator macosx";
				SWIFT_EMIT_LOC_STRINGS = NO;
				SWIFT_VERSION = 5.0;
				TARGETED_DEVICE_FAMILY = "1,2";
				TEST_HOST = "$(BUILT_PRODUCTS_DIR)/Tread.app/$(BUNDLE_EXECUTABLE_FOLDER_PATH)/Tread";
			};
			name = Release;
		};
		356D94FA2D596F2100F3D0C6 /* Debug */ = {
			isa = XCBuildConfiguration;
			buildSettings = {
				ALWAYS_EMBED_SWIFT_STANDARD_LIBRARIES = YES;
				CODE_SIGN_STYLE = Automatic;
				CURRENT_PROJECT_VERSION = 1;
				DEVELOPMENT_TEAM = GKB62H77DC;
				GENERATE_INFOPLIST_FILE = YES;
				IPHONEOS_DEPLOYMENT_TARGET = 16.4;
				MACOSX_DEPLOYMENT_TARGET = 13.0;
				MARKETING_VERSION = 1.0;
				PRODUCT_BUNDLE_IDENTIFIER = com.fit.TreadUITests;
				PRODUCT_NAME = "$(TARGET_NAME)";
				SDKROOT = auto;
				SUPPORTED_PLATFORMS = "iphoneos iphonesimulator macosx";
				SWIFT_EMIT_LOC_STRINGS = NO;
				SWIFT_VERSION = 5.0;
				TARGETED_DEVICE_FAMILY = "1,2";
				TEST_TARGET_NAME = Tread;
			};
			name = Debug;
		};
		356D94FB2D596F2100F3D0C6 /* Release */ = {
			isa = XCBuildConfiguration;
			buildSettings = {
				ALWAYS_EMBED_SWIFT_STANDARD_LIBRARIES = YES;
				CODE_SIGN_STYLE = Automatic;
				CURRENT_PROJECT_VERSION = 1;
				DEVELOPMENT_TEAM = GKB62H77DC;
				GENERATE_INFOPLIST_FILE = YES;
				IPHONEOS_DEPLOYMENT_TARGET = 16.4;
				MACOSX_DEPLOYMENT_TARGET = 13.0;
				MARKETING_VERSION = 1.0;
				PRODUCT_BUNDLE_IDENTIFIER = com.fit.TreadUITests;
				PRODUCT_NAME = "$(TARGET_NAME)";
				SDKROOT = auto;
				SUPPORTED_PLATFORMS = "iphoneos iphonesimulator macosx";
				SWIFT_EMIT_LOC_STRINGS = NO;
				SWIFT_VERSION = 5.0;
				TARGETED_DEVICE_FAMILY = "1,2";
				TEST_TARGET_NAME = Tread;
			};
			name = Release;
		};
/* End XCBuildConfiguration section */

/* Begin XCConfigurationList section */
		356D94C92D596F2000F3D0C6 /* Build configuration list for PBXProject "Tread" */ = {
			isa = XCConfigurationList;
			buildConfigurations = (
				356D94F12D596F2100F3D0C6 /* Debug */,
				356D94F22D596F2100F3D0C6 /* Release */,
			);
			defaultConfigurationIsVisible = 0;
			defaultConfigurationName = Release;
		};
		356D94F32D596F2100F3D0C6 /* Build configuration list for PBXNativeTarget "Tread" */ = {
			isa = XCConfigurationList;
			buildConfigurations = (
				356D94F42D596F2100F3D0C6 /* Debug */,
				356D94F52D596F2100F3D0C6 /* Release */,
			);
			defaultConfigurationIsVisible = 0;
			defaultConfigurationName = Release;
		};
		356D94F62D596F2100F3D0C6 /* Build configuration list for PBXNativeTarget "TreadTests" */ = {
			isa = XCConfigurationList;
			buildConfigurations = (
				356D94F72D596F2100F3D0C6 /* Debug */,
				356D94F82D596F2100F3D0C6 /* Release */,
			);
			defaultConfigurationIsVisible = 0;
			defaultConfigurationName = Release;
		};
		356D94F92D596F2100F3D0C6 /* Build configuration list for PBXNativeTarget "TreadUITests" */ = {
			isa = XCConfigurationList;
			buildConfigurations = (
				356D94FA2D596F2100F3D0C6 /* Debug */,
				356D94FB2D596F2100F3D0C6 /* Release */,
			);
			defaultConfigurationIsVisible = 0;
			defaultConfigurationName = Release;
		};
/* End XCConfigurationList section */

/* Begin XCRemoteSwiftPackageReference section */
		356D950D2D59782D00F3D0C6 /* XCRemoteSwiftPackageReference "apollo-ios" */ = {
			isa = XCRemoteSwiftPackageReference;
			repositoryURL = "https://github.com/apollographql/apollo-ios.git";
			requirement = {
				kind = upToNextMajorVersion;
				minimumVersion = 1.0.0;
			};
		};
/* End XCRemoteSwiftPackageReference section */

/* Begin XCSwiftPackageProductDependency section */
		356D950E2D59782D00F3D0C6 /* Apollo */ = {
			isa = XCSwiftPackageProductDependency;
			package = 356D950D2D59782D00F3D0C6 /* XCRemoteSwiftPackageReference "apollo-ios" */;
			productName = Apollo;
		};
/* End XCSwiftPackageProductDependency section */
	};
	rootObject = 356D94C62D596F2000F3D0C6 /* Project object */;
}
